
Microsoft Visual Studio Solution File, Format Version 12.00
# Visual Studio 2013
VisualStudioVersion = 12.0.30110.0
MinimumVisualStudioVersion = 10.0.40219.1
Project("{FAE04EC0-301F-11D3-BF4B-00C04F79EFBC}") = "Ellis.WinApp.Testing.Framework", "Ellis.WinApp.Testing.Framework\Ellis.WinApp.Testing.Framework.csproj", "{A5210CF2-A9B9-4636-8692-30D0AECBEE1F}"
EndProject
Global
	GlobalSection(TeamFoundationVersionControl) = preSolution
		SccNumberOfProjects = 2
		SccEnterpriseProvider = {4CA58AB2-18FA-4F8D-95D4-32DDF27D184C}
		SccTeamFoundationServer = http://tb-tfsapp-p01:8080/tfs/trueblue
		SccLocalPath0 = .
		SccProjectUniqueName1 = Ellis.WinApp.Testing.Framework\\Ellis.WinApp.Testing.Framework.csproj
		SccProjectName1 = Ellis.WinApp.Testing.Framework
		SccLocalPath1 = Ellis.WinApp.Testing.Framework
	EndGlobalSection
	GlobalSection(SolutionConfigurationPlatforms) = preSolution
		Debug|Any CPU = Debug|Any CPU
		Release|Any CPU = Release|Any CPU
	EndGlobalSection
	GlobalSection(ProjectConfigurationPlatforms) = postSolution
		{A5210CF2-A9B9-4636-8692-30D0AECBEE1F}.Debug|Any CPU.ActiveCfg = Debug|Any CPU
		{A5210CF2-A9B9-4636-8692-30D0AECBEE1F}.Debug|Any CPU.Build.0 = Debug|Any CPU
		{A5210CF2-A9B9-4636-8692-30D0AECBEE1F}.Release|Any CPU.ActiveCfg = Release|Any CPU
		{A5210CF2-A9B9-4636-8692-30D0AECBEE1F}.Release|Any CPU.Build.0 = Release|Any CPU
	EndGlobalSection
	GlobalSection(SolutionProperties) = preSolution
		HideSolutionNode = FALSE
	EndGlobalSection
EndGlobal
